// !$*UTF8*$!
{
	archiveVersion = 1;
	classes = {
	};
	objectVersion = 56;
	objects = {

/* Begin PBXBuildFile section */
		C121D6D62B38B61900EA46C9 /* StayActivApp.swift in Sources */ = {isa = PBXBuildFile; fileRef = C121D6D52B38B61900EA46C9 /* StayActivApp.swift */; };
		C121D6D82B38B61900EA46C9 /* ContentView.swift in Sources */ = {isa = PBXBuildFile; fileRef = C121D6D72B38B61900EA46C9 /* ContentView.swift */; };
		C121D6DA2B38B61B00EA46C9 /* Assets.xcassets in Resources */ = {isa = PBXBuildFile; fileRef = C121D6D92B38B61B00EA46C9 /* Assets.xcassets */; };
		C121D6DD2B38B61B00EA46C9 /* Preview Assets.xcassets in Resources */ = {isa = PBXBuildFile; fileRef = C121D6DC2B38B61B00EA46C9 /* Preview Assets.xcassets */; };
		C121D6E72B38B61B00EA46C9 /* StayActivTests.swift in Sources */ = {isa = PBXBuildFile; fileRef = C121D6E62B38B61B00EA46C9 /* StayActivTests.swift */; };
		C121D6F12B38B61B00EA46C9 /* StayActivUITests.swift in Sources */ = {isa = PBXBuildFile; fileRef = C121D6F02B38B61B00EA46C9 /* StayActivUITests.swift */; };
		C121D6F32B38B61B00EA46C9 /* StayActivUITestsLaunchTests.swift in Sources */ = {isa = PBXBuildFile; fileRef = C121D6F22B38B61B00EA46C9 /* StayActivUITestsLaunchTests.swift */; };
		C121D7002B38B67C00EA46C9 /* StayActivTabView.swift in Sources */ = {isa = PBXBuildFile; fileRef = C121D6FF2B38B67C00EA46C9 /* StayActivTabView.swift */; };
		C121D7022B38B74600EA46C9 /* HomeView.swift in Sources */ = {isa = PBXBuildFile; fileRef = C121D7012B38B74600EA46C9 /* HomeView.swift */; };
		C121D7042B38B7B400EA46C9 /* ActivityCard.swift in Sources */ = {isa = PBXBuildFile; fileRef = C121D7032B38B7B400EA46C9 /* ActivityCard.swift */; };
		C121D7062B38BD7800EA46C9 /* HealthManager.swift in Sources */ = {isa = PBXBuildFile; fileRef = C121D7052B38BD7800EA46C9 /* HealthManager.swift */; };
/* End PBXBuildFile section */

/* Begin PBXContainerItemProxy section */
		C121D6E32B38B61B00EA46C9 /* PBXContainerItemProxy */ = {
			isa = PBXContainerItemProxy;
			containerPortal = C121D6CA2B38B61900EA46C9 /* Project object */;
			proxyType = 1;
			remoteGlobalIDString = C121D6D12B38B61900EA46C9;
			remoteInfo = StayActiv;
		};
		C121D6ED2B38B61B00EA46C9 /* PBXContainerItemProxy */ = {
			isa = PBXContainerItemProxy;
			containerPortal = C121D6CA2B38B61900EA46C9 /* Project object */;
			proxyType = 1;
			remoteGlobalIDString = C121D6D12B38B61900EA46C9;
			remoteInfo = StayActiv;
		};
/* End PBXContainerItemProxy section */

/* Begin PBXFileReference section */
		C121D6D22B38B61900EA46C9 /* StayActiv.app */ = {isa = PBXFileReference; explicitFileType = wrapper.application; includeInIndex = 0; path = StayActiv.app; sourceTree = BUILT_PRODUCTS_DIR; };
		C121D6D52B38B61900EA46C9 /* StayActivApp.swift */ = {isa = PBXFileReference; lastKnownFileType = sourcecode.swift; path = StayActivApp.swift; sourceTree = "<group>"; };
		C121D6D72B38B61900EA46C9 /* ContentView.swift */ = {isa = PBXFileReference; lastKnownFileType = sourcecode.swift; path = ContentView.swift; sourceTree = "<group>"; };
		C121D6D92B38B61B00EA46C9 /* Assets.xcassets */ = {isa = PBXFileReference; lastKnownFileType = folder.assetcatalog; path = Assets.xcassets; sourceTree = "<group>"; };
		C121D6DC2B38B61B00EA46C9 /* Preview Assets.xcassets */ = {isa = PBXFileReference; lastKnownFileType = folder.assetcatalog; path = "Preview Assets.xcassets"; sourceTree = "<group>"; };
		C121D6E22B38B61B00EA46C9 /* StayActivTests.xctest */ = {isa = PBXFileReference; explicitFileType = wrapper.cfbundle; includeInIndex = 0; path = StayActivTests.xctest; sourceTree = BUILT_PRODUCTS_DIR; };
		C121D6E62B38B61B00EA46C9 /* StayActivTests.swift */ = {isa = PBXFileReference; lastKnownFileType = sourcecode.swift; path = StayActivTests.swift; sourceTree = "<group>"; };
		C121D6EC2B38B61B00EA46C9 /* StayActivUITests.xctest */ = {isa = PBXFileReference; explicitFileType = wrapper.cfbundle; includeInIndex = 0; path = StayActivUITests.xctest; sourceTree = BUILT_PRODUCTS_DIR; };
		C121D6F02B38B61B00EA46C9 /* StayActivUITests.swift */ = {isa = PBXFileReference; lastKnownFileType = sourcecode.swift; path = StayActivUITests.swift; sourceTree = "<group>"; };
		C121D6F22B38B61B00EA46C9 /* StayActivUITestsLaunchTests.swift */ = {isa = PBXFileReference; lastKnownFileType = sourcecode.swift; path = StayActivUITestsLaunchTests.swift; sourceTree = "<group>"; };
		C121D6FF2B38B67C00EA46C9 /* StayActivTabView.swift */ = {isa = PBXFileReference; lastKnownFileType = sourcecode.swift; path = StayActivTabView.swift; sourceTree = "<group>"; };
		C121D7012B38B74600EA46C9 /* HomeView.swift */ = {isa = PBXFileReference; lastKnownFileType = sourcecode.swift; path = HomeView.swift; sourceTree = "<group>"; };
		C121D7032B38B7B400EA46C9 /* ActivityCard.swift */ = {isa = PBXFileReference; lastKnownFileType = sourcecode.swift; path = ActivityCard.swift; sourceTree = "<group>"; };
		C121D7052B38BD7800EA46C9 /* HealthManager.swift */ = {isa = PBXFileReference; lastKnownFileType = sourcecode.swift; path = HealthManager.swift; sourceTree = "<group>"; };
		C121D7072B38BF8E00EA46C9 /* StayActiv.entitlements */ = {isa = PBXFileReference; lastKnownFileType = text.plist.entitlements; path = StayActiv.entitlements; sourceTree = "<group>"; };
/* End PBXFileReference section */

/* Begin PBXFrameworksBuildPhase section */
		C121D6CF2B38B61900EA46C9 /* Frameworks */ = {
			isa = PBXFrameworksBuildPhase;
			buildActionMask = 2147483647;
			files = (
			);
			runOnlyForDeploymentPostprocessing = 0;
		};
		C121D6DF2B38B61B00EA46C9 /* Frameworks */ = {
			isa = PBXFrameworksBuildPhase;
			buildActionMask = 2147483647;
			files = (
			);
			runOnlyForDeploymentPostprocessing = 0;
		};
		C121D6E92B38B61B00EA46C9 /* Frameworks */ = {
			isa = PBXFrameworksBuildPhase;
			buildActionMask = 2147483647;
			files = (
			);
			runOnlyForDeploymentPostprocessing = 0;
		};
/* End PBXFrameworksBuildPhase section */

/* Begin PBXGroup section */
		C121D6C92B38B61900EA46C9 = {
			isa = PBXGroup;
			children = (
				C121D6D42B38B61900EA46C9 /* StayActiv */,
				C121D6E52B38B61B00EA46C9 /* StayActivTests */,
				C121D6EF2B38B61B00EA46C9 /* StayActivUITests */,
				C121D6D32B38B61900EA46C9 /* Products */,
			);
			sourceTree = "<group>";
		};
		C121D6D32B38B61900EA46C9 /* Products */ = {
			isa = PBXGroup;
			children = (
				C121D6D22B38B61900EA46C9 /* StayActiv.app */,
				C121D6E22B38B61B00EA46C9 /* StayActivTests.xctest */,
				C121D6EC2B38B61B00EA46C9 /* StayActivUITests.xctest */,
			);
			name = Products;
			sourceTree = "<group>";
		};
		C121D6D42B38B61900EA46C9 /* StayActiv */ = {
			isa = PBXGroup;
			children = (
				C121D7072B38BF8E00EA46C9 /* StayActiv.entitlements */,
				C121D6D52B38B61900EA46C9 /* StayActivApp.swift */,
				C121D6D72B38B61900EA46C9 /* ContentView.swift */,
				C121D6D92B38B61B00EA46C9 /* Assets.xcassets */,
				C121D6DB2B38B61B00EA46C9 /* Preview Content */,
				C121D6FF2B38B67C00EA46C9 /* StayActivTabView.swift */,
				C121D7012B38B74600EA46C9 /* HomeView.swift */,
				C121D7032B38B7B400EA46C9 /* ActivityCard.swift */,
				C121D7052B38BD7800EA46C9 /* HealthManager.swift */,
			);
			path = StayActiv;
			sourceTree = "<group>";
		};
		C121D6DB2B38B61B00EA46C9 /* Preview Content */ = {
			isa = PBXGroup;
			children = (
				C121D6DC2B38B61B00EA46C9 /* Preview Assets.xcassets */,
			);
			path = "Preview Content";
			sourceTree = "<group>";
		};
		C121D6E52B38B61B00EA46C9 /* StayActivTests */ = {
			isa = PBXGroup;
			children = (
				C121D6E62B38B61B00EA46C9 /* StayActivTests.swift */,
			);
			path = StayActivTests;
			sourceTree = "<group>";
		};
		C121D6EF2B38B61B00EA46C9 /* StayActivUITests */ = {
			isa = PBXGroup;
			children = (
				C121D6F02B38B61B00EA46C9 /* StayActivUITests.swift */,
				C121D6F22B38B61B00EA46C9 /* StayActivUITestsLaunchTests.swift */,
			);
			path = StayActivUITests;
			sourceTree = "<group>";
		};
/* End PBXGroup section */

/* Begin PBXNativeTarget section */
		C121D6D12B38B61900EA46C9 /* StayActiv */ = {
			isa = PBXNativeTarget;
			buildConfigurationList = C121D6F62B38B61B00EA46C9 /* Build configuration list for PBXNativeTarget "StayActiv" */;
			buildPhases = (
				C121D6CE2B38B61900EA46C9 /* Sources */,
				C121D6CF2B38B61900EA46C9 /* Frameworks */,
				C121D6D02B38B61900EA46C9 /* Resources */,
			);
			buildRules = (
			);
			dependencies = (
			);
			name = StayActiv;
			productName = StayActiv;
			productReference = C121D6D22B38B61900EA46C9 /* StayActiv.app */;
			productType = "com.apple.product-type.application";
		};
		C121D6E12B38B61B00EA46C9 /* StayActivTests */ = {
			isa = PBXNativeTarget;
			buildConfigurationList = C121D6F92B38B61B00EA46C9 /* Build configuration list for PBXNativeTarget "StayActivTests" */;
			buildPhases = (
				C121D6DE2B38B61B00EA46C9 /* Sources */,
				C121D6DF2B38B61B00EA46C9 /* Frameworks */,
				C121D6E02B38B61B00EA46C9 /* Resources */,
			);
			buildRules = (
			);
			dependencies = (
				C121D6E42B38B61B00EA46C9 /* PBXTargetDependency */,
			);
			name = StayActivTests;
			productName = StayActivTests;
			productReference = C121D6E22B38B61B00EA46C9 /* StayActivTests.xctest */;
			productType = "com.apple.product-type.bundle.unit-test";
		};
		C121D6EB2B38B61B00EA46C9 /* StayActivUITests */ = {
			isa = PBXNativeTarget;
			buildConfigurationList = C121D6FC2B38B61B00EA46C9 /* Build configuration list for PBXNativeTarget "StayActivUITests" */;
			buildPhases = (
				C121D6E82B38B61B00EA46C9 /* Sources */,
				C121D6E92B38B61B00EA46C9 /* Frameworks */,
				C121D6EA2B38B61B00EA46C9 /* Resources */,
			);
			buildRules = (
			);
			dependencies = (
				C121D6EE2B38B61B00EA46C9 /* PBXTargetDependency */,
			);
			name = StayActivUITests;
			productName = StayActivUITests;
			productReference = C121D6EC2B38B61B00EA46C9 /* StayActivUITests.xctest */;
			productType = "com.apple.product-type.bundle.ui-testing";
		};
/* End PBXNativeTarget section */

/* Begin PBXProject section */
		C121D6CA2B38B61900EA46C9 /* Project object */ = {
			isa = PBXProject;
			attributes = {
				BuildIndependentTargetsInParallel = 1;
				LastSwiftUpdateCheck = 1510;
				LastUpgradeCheck = 1510;
				TargetAttributes = {
					C121D6D12B38B61900EA46C9 = {
						CreatedOnToolsVersion = 15.1;
					};
					C121D6E12B38B61B00EA46C9 = {
						CreatedOnToolsVersion = 15.1;
						TestTargetID = C121D6D12B38B61900EA46C9;
					};
					C121D6EB2B38B61B00EA46C9 = {
						CreatedOnToolsVersion = 15.1;
						TestTargetID = C121D6D12B38B61900EA46C9;
					};
				};
			};
			buildConfigurationList = C121D6CD2B38B61900EA46C9 /* Build configuration list for PBXProject "StayActiv" */;
			compatibilityVersion = "Xcode 14.0";
			developmentRegion = en;
			hasScannedForEncodings = 0;
			knownRegions = (
				en,
				Base,
			);
			mainGroup = C121D6C92B38B61900EA46C9;
			productRefGroup = C121D6D32B38B61900EA46C9 /* Products */;
			projectDirPath = "";
			projectRoot = "";
			targets = (
				C121D6D12B38B61900EA46C9 /* StayActiv */,
				C121D6E12B38B61B00EA46C9 /* StayActivTests */,
				C121D6EB2B38B61B00EA46C9 /* StayActivUITests */,
			);
		};
/* End PBXProject section */

/* Begin PBXResourcesBuildPhase section */
		C121D6D02B38B61900EA46C9 /* Resources */ = {
			isa = PBXResourcesBuildPhase;
			buildActionMask = 2147483647;
			files = (
				C121D6DD2B38B61B00EA46C9 /* Preview Assets.xcassets in Resources */,
				C121D6DA2B38B61B00EA46C9 /* Assets.xcassets in Resources */,
			);
			runOnlyForDeploymentPostprocessing = 0;
		};
		C121D6E02B38B61B00EA46C9 /* Resources */ = {
			isa = PBXResourcesBuildPhase;
			buildActionMask = 2147483647;
			files = (
			);
			runOnlyForDeploymentPostprocessing = 0;
		};
		C121D6EA2B38B61B00EA46C9 /* Resources */ = {
			isa = PBXResourcesBuildPhase;
			buildActionMask = 2147483647;
			files = (
			);
			runOnlyForDeploymentPostprocessing = 0;
		};
/* End PBXResourcesBuildPhase section */

/* Begin PBXSourcesBuildPhase section */
		C121D6CE2B38B61900EA46C9 /* Sources */ = {
			isa = PBXSourcesBuildPhase;
			buildActionMask = 2147483647;
			files = (
				C121D6D82B38B61900EA46C9 /* ContentView.swift in Sources */,
				C121D7062B38BD7800EA46C9 /* HealthManager.swift in Sources */,
				C121D7022B38B74600EA46C9 /* HomeView.swift in Sources */,
				C121D7002B38B67C00EA46C9 /* StayActivTabView.swift in Sources */,
				C121D6D62B38B61900EA46C9 /* StayActivApp.swift in Sources */,
				C121D7042B38B7B400EA46C9 /* ActivityCard.swift in Sources */,
			);
			runOnlyForDeploymentPostprocessing = 0;
		};
		C121D6DE2B38B61B00EA46C9 /* Sources */ = {
			isa = PBXSourcesBuildPhase;
			buildActionMask = 2147483647;
			files = (
				C121D6E72B38B61B00EA46C9 /* StayActivTests.swift in Sources */,
			);
			runOnlyForDeploymentPostprocessing = 0;
		};
		C121D6E82B38B61B00EA46C9 /* Sources */ = {
			isa = PBXSourcesBuildPhase;
			buildActionMask = 2147483647;
			files = (
				C121D6F12B38B61B00EA46C9 /* StayActivUITests.swift in Sources */,
				C121D6F32B38B61B00EA46C9 /* StayActivUITestsLaunchTests.swift in Sources */,
			);
			runOnlyForDeploymentPostprocessing = 0;
		};
/* End PBXSourcesBuildPhase section */

/* Begin PBXTargetDependency section */
		C121D6E42B38B61B00EA46C9 /* PBXTargetDependency */ = {
			isa = PBXTargetDependency;
			target = C121D6D12B38B61900EA46C9 /* StayActiv */;
			targetProxy = C121D6E32B38B61B00EA46C9 /* PBXContainerItemProxy */;
		};
		C121D6EE2B38B61B00EA46C9 /* PBXTargetDependency */ = {
			isa = PBXTargetDependency;
			target = C121D6D12B38B61900EA46C9 /* StayActiv */;
			targetProxy = C121D6ED2B38B61B00EA46C9 /* PBXContainerItemProxy */;
		};
/* End PBXTargetDependency section */

/* Begin XCBuildConfiguration section */
		C121D6F42B38B61B00EA46C9 /* Debug */ = {
			isa = XCBuildConfiguration;
			buildSettings = {
				ALWAYS_SEARCH_USER_PATHS = NO;
				ASSETCATALOG_COMPILER_GENERATE_SWIFT_ASSET_SYMBOL_EXTENSIONS = YES;
				CLANG_ANALYZER_NONNULL = YES;
				CLANG_ANALYZER_NUMBER_OBJECT_CONVERSION = YES_AGGRESSIVE;
				CLANG_CXX_LANGUAGE_STANDARD = "gnu++20";
				CLANG_ENABLE_MODULES = YES;
				CLANG_ENABLE_OBJC_ARC = YES;
				CLANG_ENABLE_OBJC_WEAK = YES;
				CLANG_WARN_BLOCK_CAPTURE_AUTORELEASING = YES;
				CLANG_WARN_BOOL_CONVERSION = YES;
				CLANG_WARN_COMMA = YES;
				CLANG_WARN_CONSTANT_CONVERSION = YES;
				CLANG_WARN_DEPRECATED_OBJC_IMPLEMENTATIONS = YES;
				CLANG_WARN_DIRECT_OBJC_ISA_USAGE = YES_ERROR;
				CLANG_WARN_DOCUMENTATION_COMMENTS = YES;
				CLANG_WARN_EMPTY_BODY = YES;
				CLANG_WARN_ENUM_CONVERSION = YES;
				CLANG_WARN_INFINITE_RECURSION = YES;
				CLANG_WARN_INT_CONVERSION = YES;
				CLANG_WARN_NON_LITERAL_NULL_CONVERSION = YES;
				CLANG_WARN_OBJC_IMPLICIT_RETAIN_SELF = YES;
				CLANG_WARN_OBJC_LITERAL_CONVERSION = YES;
				CLANG_WARN_OBJC_ROOT_CLASS = YES_ERROR;
				CLANG_WARN_QUOTED_INCLUDE_IN_FRAMEWORK_HEADER = YES;
				CLANG_WARN_RANGE_LOOP_ANALYSIS = YES;
				CLANG_WARN_STRICT_PROTOTYPES = YES;
				CLANG_WARN_SUSPICIOUS_MOVE = YES;
				CLANG_WARN_UNGUARDED_AVAILABILITY = YES_AGGRESSIVE;
				CLANG_WARN_UNREACHABLE_CODE = YES;
				CLANG_WARN__DUPLICATE_METHOD_MATCH = YES;
				COPY_PHASE_STRIP = NO;
				DEBUG_INFORMATION_FORMAT = dwarf;
				ENABLE_STRICT_OBJC_MSGSEND = YES;
				ENABLE_TESTABILITY = YES;
				ENABLE_USER_SCRIPT_SANDBOXING = YES;
				GCC_C_LANGUAGE_STANDARD = gnu17;
				GCC_DYNAMIC_NO_PIC = NO;
				GCC_NO_COMMON_BLOCKS = YES;
				GCC_OPTIMIZATION_LEVEL = 0;
				GCC_PREPROCESSOR_DEFINITIONS = (
					"DEBUG=1",
					"$(inherited)",
				);
				GCC_WARN_64_TO_32_BIT_CONVERSION = YES;
				GCC_WARN_ABOUT_RETURN_TYPE = YES_ERROR;
				GCC_WARN_UNDECLARED_SELECTOR = YES;
				GCC_WARN_UNINITIALIZED_AUTOS = YES_AGGRESSIVE;
				GCC_WARN_UNUSED_FUNCTION = YES;
				GCC_WARN_UNUSED_VARIABLE = YES;
				IPHONEOS_DEPLOYMENT_TARGET = 17.2;
				LOCALIZATION_PREFERS_STRING_CATALOGS = YES;
				MTL_ENABLE_DEBUG_INFO = INCLUDE_SOURCE;
				MTL_FAST_MATH = YES;
				ONLY_ACTIVE_ARCH = YES;
				SDKROOT = iphoneos;
				SWIFT_ACTIVE_COMPILATION_CONDITIONS = "DEBUG $(inherited)";
				SWIFT_OPTIMIZATION_LEVEL = "-Onone";
			};
			name = Debug;
		};
		C121D6F52B38B61B00EA46C9 /* Release */ = {
			isa = XCBuildConfiguration;
			buildSettings = {
				ALWAYS_SEARCH_USER_PATHS = NO;
				ASSETCATALOG_COMPILER_GENERATE_SWIFT_ASSET_SYMBOL_EXTENSIONS = YES;
				CLANG_ANALYZER_NONNULL = YES;
				CLANG_ANALYZER_NUMBER_OBJECT_CONVERSION = YES_AGGRESSIVE;
				CLANG_CXX_LANGUAGE_STANDARD = "gnu++20";
				CLANG_ENABLE_MODULES = YES;
				CLANG_ENABLE_OBJC_ARC = YES;
				CLANG_ENABLE_OBJC_WEAK = YES;
				CLANG_WARN_BLOCK_CAPTURE_AUTORELEASING = YES;
				CLANG_WARN_BOOL_CONVERSION = YES;
				CLANG_WARN_COMMA = YES;
				CLANG_WARN_CONSTANT_CONVERSION = YES;
				CLANG_WARN_DEPRECATED_OBJC_IMPLEMENTATIONS = YES;
				CLANG_WARN_DIRECT_OBJC_ISA_USAGE = YES_ERROR;
				CLANG_WARN_DOCUMENTATION_COMMENTS = YES;
				CLANG_WARN_EMPTY_BODY = YES;
				CLANG_WARN_ENUM_CONVERSION = YES;
				CLANG_WARN_INFINITE_RECURSION = YES;
				CLANG_WARN_INT_CONVERSION = YES;
				CLANG_WARN_NON_LITERAL_NULL_CONVERSION = YES;
				CLANG_WARN_OBJC_IMPLICIT_RETAIN_SELF = YES;
				CLANG_WARN_OBJC_LITERAL_CONVERSION = YES;
				CLANG_WARN_OBJC_ROOT_CLASS = YES_ERROR;
				CLANG_WARN_QUOTED_INCLUDE_IN_FRAMEWORK_HEADER = YES;
				CLANG_WARN_RANGE_LOOP_ANALYSIS = YES;
				CLANG_WARN_STRICT_PROTOTYPES = YES;
				CLANG_WARN_SUSPICIOUS_MOVE = YES;
				CLANG_WARN_UNGUARDED_AVAILABILITY = YES_AGGRESSIVE;
				CLANG_WARN_UNREACHABLE_CODE = YES;
				CLANG_WARN__DUPLICATE_METHOD_MATCH = YES;
				COPY_PHASE_STRIP = NO;
				DEBUG_INFORMATION_FORMAT = "dwarf-with-dsym";
				ENABLE_NS_ASSERTIONS = NO;
				ENABLE_STRICT_OBJC_MSGSEND = YES;
				ENABLE_USER_SCRIPT_SANDBOXING = YES;
				GCC_C_LANGUAGE_STANDARD = gnu17;
				GCC_NO_COMMON_BLOCKS = YES;
				GCC_WARN_64_TO_32_BIT_CONVERSION = YES;
				GCC_WARN_ABOUT_RETURN_TYPE = YES_ERROR;
				GCC_WARN_UNDECLARED_SELECTOR = YES;
				GCC_WARN_UNINITIALIZED_AUTOS = YES_AGGRESSIVE;
				GCC_WARN_UNUSED_FUNCTION = YES;
				GCC_WARN_UNUSED_VARIABLE = YES;
				IPHONEOS_DEPLOYMENT_TARGET = 17.2;
				LOCALIZATION_PREFERS_STRING_CATALOGS = YES;
				MTL_ENABLE_DEBUG_INFO = NO;
				MTL_FAST_MATH = YES;
				SDKROOT = iphoneos;
				SWIFT_COMPILATION_MODE = wholemodule;
				VALIDATE_PRODUCT = YES;
			};
			name = Release;
		};
		C121D6F72B38B61B00EA46C9 /* Debug */ = {
			isa = XCBuildConfiguration;
			buildSettings = {
				ASSETCATALOG_COMPILER_APPICON_NAME = AppIcon;
				ASSETCATALOG_COMPILER_GLOBAL_ACCENT_COLOR_NAME = AccentColor;
				CODE_SIGN_ENTITLEMENTS = StayActiv/StayActiv.entitlements;
				CODE_SIGN_STYLE = Automatic;
				CURRENT_PROJECT_VERSION = 1;
				DEVELOPMENT_ASSET_PATHS = "\"StayActiv/Preview Content\"";
				DEVELOPMENT_TEAM = 4Q398HUTA3;
				ENABLE_PREVIEWS = YES;
				GENERATE_INFOPLIST_FILE = YES;
				INFOPLIST_KEY_NSHealthShareUsageDescription = "Please allow access to try all the features of the application";
				INFOPLIST_KEY_UIApplicationSceneManifest_Generation = YES;
				INFOPLIST_KEY_UIApplicationSupportsIndirectInputEvents = YES;
				INFOPLIST_KEY_UILaunchScreen_Generation = YES;
				INFOPLIST_KEY_UISupportedInterfaceOrientations_iPad = "UIInterfaceOrientationPortrait UIInterfaceOrientationPortraitUpsideDown UIInterfaceOrientationLandscapeLeft UIInterfaceOrientationLandscapeRight";
				INFOPLIST_KEY_UISupportedInterfaceOrientations_iPhone = "UIInterfaceOrientationPortrait UIInterfaceOrientationLandscapeLeft UIInterfaceOrientationLandscapeRight";
				LD_RUNPATH_SEARCH_PATHS = (
					"$(inherited)",
					"@executable_path/Frameworks",
				);
				MARKETING_VERSION = 1.0;
				PRODUCT_BUNDLE_IDENTIFIER = divyansh.StayActiv;
				PRODUCT_NAME = "$(TARGET_NAME)";
				SWIFT_EMIT_LOC_STRINGS = YES;
				SWIFT_VERSION = 5.0;
				TARGETED_DEVICE_FAMILY = "1,2";
			};
			name = Debug;
		};
		C121D6F82B38B61B00EA46C9 /* Release */ = {
			isa = XCBuildConfiguration;
			buildSettings = {
				ASSETCATALOG_COMPILER_APPICON_NAME = AppIcon;
				ASSETCATALOG_COMPILER_GLOBAL_ACCENT_COLOR_NAME = AccentColor;
				CODE_SIGN_ENTITLEMENTS = StayActiv/StayActiv.entitlements;
				CODE_SIGN_STYLE = Automatic;
				CURRENT_PROJECT_VERSION = 1;
				DEVELOPMENT_ASSET_PATHS = "\"StayActiv/Preview Content\"";
				DEVELOPMENT_TEAM = 4Q398HUTA3;
				ENABLE_PREVIEWS = YES;
				GENERATE_INFOPLIST_FILE = YES;
				INFOPLIST_KEY_NSHealthShareUsageDescription = "Please allow access to try all the features of the application";
				INFOPLIST_KEY_UIApplicationSceneManifest_Generation = YES;
				INFOPLIST_KEY_UIApplicationSupportsIndirectInputEvents = YES;
				INFOPLIST_KEY_UILaunchScreen_Generation = YES;
				INFOPLIST_KEY_UISupportedInterfaceOrientations_iPad = "UIInterfaceOrientationPortrait UIInterfaceOrientationPortraitUpsideDown UIInterfaceOrientationLandscapeLeft UIInterfaceOrientationLandscapeRight";
				INFOPLIST_KEY_UISupportedInterfaceOrientations_iPhone = "UIInterfaceOrientationPortrait UIInterfaceOrientationLandscapeLeft UIInterfaceOrientationLandscapeRight";
				LD_RUNPATH_SEARCH_PATHS = (
					"$(inherited)",
					"@executable_path/Frameworks",
				);
				MARKETING_VERSION = 1.0;
				PRODUCT_BUNDLE_IDENTIFIER = divyansh.StayActiv;
				PRODUCT_NAME = "$(TARGET_NAME)";
				SWIFT_EMIT_LOC_STRINGS = YES;
				SWIFT_VERSION = 5.0;
				TARGETED_DEVICE_FAMILY = "1,2";
			};
			name = Release;
		};
		C121D6FA2B38B61B00EA46C9 /* Debug */ = {
			isa = XCBuildConfiguration;
			buildSettings = {
				ALWAYS_EMBED_SWIFT_STANDARD_LIBRARIES = YES;
				BUNDLE_LOADER = "$(TEST_HOST)";
				CODE_SIGN_STYLE = Automatic;
				CURRENT_PROJECT_VERSION = 1;
				DEVELOPMENT_TEAM = 4Q398HUTA3;
				GENERATE_INFOPLIST_FILE = YES;
				IPHONEOS_DEPLOYMENT_TARGET = 17.2;
				MARKETING_VERSION = 1.0;
				PRODUCT_BUNDLE_IDENTIFIER = divyansh.StayActivTests;
				PRODUCT_NAME = "$(TARGET_NAME)";
				SWIFT_EMIT_LOC_STRINGS = NO;
				SWIFT_VERSION = 5.0;
				TARGETED_DEVICE_FAMILY = "1,2";
				TEST_HOST = "$(BUILT_PRODUCTS_DIR)/StayActiv.app/$(BUNDLE_EXECUTABLE_FOLDER_PATH)/StayActiv";
			};
			name = Debug;
		};
		C121D6FB2B38B61B00EA46C9 /* Release */ = {
			isa = XCBuildConfiguration;
			buildSettings = {
				ALWAYS_EMBED_SWIFT_STANDARD_LIBRARIES = YES;
				BUNDLE_LOADER = "$(TEST_HOST)";
				CODE_SIGN_STYLE = Automatic;
				CURRENT_PROJECT_VERSION = 1;
				DEVELOPMENT_TEAM = 4Q398HUTA3;
				GENERATE_INFOPLIST_FILE = YES;
				IPHONEOS_DEPLOYMENT_TARGET = 17.2;
				MARKETING_VERSION = 1.0;
				PRODUCT_BUNDLE_IDENTIFIER = divyansh.StayActivTests;
				PRODUCT_NAME = "$(TARGET_NAME)";
				SWIFT_EMIT_LOC_STRINGS = NO;
				SWIFT_VERSION = 5.0;
				TARGETED_DEVICE_FAMILY = "1,2";
				TEST_HOST = "$(BUILT_PRODUCTS_DIR)/StayActiv.app/$(BUNDLE_EXECUTABLE_FOLDER_PATH)/StayActiv";
			};
			name = Release;
		};
		C121D6FD2B38B61B00EA46C9 /* Debug */ = {
			isa = XCBuildConfiguration;
			buildSettings = {
				ALWAYS_EMBED_SWIFT_STANDARD_LIBRARIES = YES;
				CODE_SIGN_STYLE = Automatic;
				CURRENT_PROJECT_VERSION = 1;
				DEVELOPMENT_TEAM = 4Q398HUTA3;
				GENERATE_INFOPLIST_FILE = YES;
				MARKETING_VERSION = 1.0;
				PRODUCT_BUNDLE_IDENTIFIER = divyansh.StayActivUITests;
				PRODUCT_NAME = "$(TARGET_NAME)";
				SWIFT_EMIT_LOC_STRINGS = NO;
				SWIFT_VERSION = 5.0;
				TARGETED_DEVICE_FAMILY = "1,2";
				TEST_TARGET_NAME = StayActiv;
			};
			name = Debug;
		};
		C121D6FE2B38B61B00EA46C9 /* Release */ = {
			isa = XCBuildConfiguration;
			buildSettings = {
				ALWAYS_EMBED_SWIFT_STANDARD_LIBRARIES = YES;
				CODE_SIGN_STYLE = Automatic;
				CURRENT_PROJECT_VERSION = 1;
				DEVELOPMENT_TEAM = 4Q398HUTA3;
				GENERATE_INFOPLIST_FILE = YES;
				MARKETING_VERSION = 1.0;
				PRODUCT_BUNDLE_IDENTIFIER = divyansh.StayActivUITests;
				PRODUCT_NAME = "$(TARGET_NAME)";
				SWIFT_EMIT_LOC_STRINGS = NO;
				SWIFT_VERSION = 5.0;
				TARGETED_DEVICE_FAMILY = "1,2";
				TEST_TARGET_NAME = StayActiv;
			};
			name = Release;
		};
/* End XCBuildConfiguration section */

/* Begin XCConfigurationList section */
		C121D6CD2B38B61900EA46C9 /* Build configuration list for PBXProject "StayActiv" */ = {
			isa = XCConfigurationList;
			buildConfigurations = (
				C121D6F42B38B61B00EA46C9 /* Debug */,
				C121D6F52B38B61B00EA46C9 /* Release */,
			);
			defaultConfigurationIsVisible = 0;
			defaultConfigurationName = Release;
		};
		C121D6F62B38B61B00EA46C9 /* Build configuration list for PBXNativeTarget "StayActiv" */ = {
			isa = XCConfigurationList;
			buildConfigurations = (
				C121D6F72B38B61B00EA46C9 /* Debug */,
				C121D6F82B38B61B00EA46C9 /* Release */,
			);
			defaultConfigurationIsVisible = 0;
			defaultConfigurationName = Release;
		};
		C121D6F92B38B61B00EA46C9 /* Build configuration list for PBXNativeTarget "StayActivTests" */ = {
			isa = XCConfigurationList;
			buildConfigurations = (
				C121D6FA2B38B61B00EA46C9 /* Debug */,
				C121D6FB2B38B61B00EA46C9 /* Release */,
			);
			defaultConfigurationIsVisible = 0;
			defaultConfigurationName = Release;
		};
		C121D6FC2B38B61B00EA46C9 /* Build configuration list for PBXNativeTarget "StayActivUITests" */ = {
			isa = XCConfigurationList;
			buildConfigurations = (
				C121D6FD2B38B61B00EA46C9 /* Debug */,
				C121D6FE2B38B61B00EA46C9 /* Release */,
			);
			defaultConfigurationIsVisible = 0;
			defaultConfigurationName = Release;
		};
/* End XCConfigurationList section */
	};
	rootObject = C121D6CA2B38B61900EA46C9 /* Project object */;
}
